
Microsoft Visual Studio Solution File, Format Version 12.00
# Visual Studio Version 16
VisualStudioVersion = 16.0.31729.503
MinimumVisualStudioVersion = 10.0.40219.1
Project("{9A19103F-16F7-4668-BE54-9A1E7A4F7556}") = "NumbersToEnglish", "NumbersToEnglish\NumbersToEnglish.csproj", "{034AF60E-63A5-484C-B471-8E40F2C36DCF}"
EndProject
Project("{FAE04EC0-301F-11D3-BF4B-00C04F79EFBC}") = "UnitTest", "UnitTest\UnitTest.csproj", "{C7B23683-AFE5-46BC-89F2-A26B4B30E5E7}"
EndProject
Global
	GlobalSection(SolutionConfigurationPlatforms) = preSolution
		Debug|Any CPU = Debug|Any CPU
		Release|Any CPU = Release|Any CPU
	EndGlobalSection
	GlobalSection(ProjectConfigurationPlatforms) = postSolution
		{034AF60E-63A5-484C-B471-8E40F2C36DCF}.Debug|Any CPU.ActiveCfg = Debug|Any CPU
		{034AF60E-63A5-484C-B471-8E40F2C36DCF}.Debug|Any CPU.Build.0 = Debug|Any CPU
		{034AF60E-63A5-484C-B471-8E40F2C36DCF}.Release|Any CPU.ActiveCfg = Release|Any CPU
		{034AF60E-63A5-484C-B471-8E40F2C36DCF}.Release|Any CPU.Build.0 = Release|Any CPU
		{C7B23683-AFE5-46BC-89F2-A26B4B30E5E7}.Debug|Any CPU.ActiveCfg = Debug|Any CPU
		{C7B23683-AFE5-46BC-89F2-A26B4B30E5E7}.Debug|Any CPU.Build.0 = Debug|Any CPU
		{C7B23683-AFE5-46BC-89F2-A26B4B30E5E7}.Release|Any CPU.ActiveCfg = Release|Any CPU
		{C7B23683-AFE5-46BC-89F2-A26B4B30E5E7}.Release|Any CPU.Build.0 = Release|Any CPU
	EndGlobalSection
	GlobalSection(SolutionProperties) = preSolution
		HideSolutionNode = FALSE
	EndGlobalSection
	GlobalSection(ExtensibilityGlobals) = postSolution
		SolutionGuid = {F2FD40C8-73D6-43BE-848D-B241B5665CF9}
	EndGlobalSection
EndGlobal
